<Solution>
  <Project Path="LocalHiringPlatform.Api/LocalHiringPlatform.Api.csproj" Id="9ffda7de-684a-491f-82b4-b33391885a69" />
  <Project Path="LocalHiringPlatform.Domain/LocalHiringPlatform.Domain.csproj" Id="b913ed92-d9b0-4de2-b9af-61f91c34d026" />
  <Project Path="LocalHiringPlatform.Infrastructure/LocalHiringPlatform.Infrastructure.csproj" Id="b185d342-b5eb-4021-bb9f-50a9990e4146" />
</Solution>
